
Microsoft Visual Studio Solution File, Format Version 12.00
# Visual Studio Version 16
VisualStudioVersion = 16.0.30413.136
MinimumVisualStudioVersion = 10.0.40219.1
Project("{888888A0-9F3D-457C-B088-3A5042F75D52}") = "IS2", "IS2\IS2.pyproj", "{1BFC38D6-4530-42F0-81B2-F44D4BA767CD}"
EndProject
Global
	GlobalSection(SolutionConfigurationPlatforms) = preSolution
		Debug|Any CPU = Debug|Any CPU
		Release|Any CPU = Release|Any CPU
	EndGlobalSection
	GlobalSection(ProjectConfigurationPlatforms) = postSolution
		{1BFC38D6-4530-42F0-81B2-F44D4BA767CD}.Debug|Any CPU.ActiveCfg = Debug|Any CPU
		{1BFC38D6-4530-42F0-81B2-F44D4BA767CD}.Release|Any CPU.ActiveCfg = Release|Any CPU
	EndGlobalSection
	GlobalSection(SolutionProperties) = preSolution
		HideSolutionNode = FALSE
	EndGlobalSection
	GlobalSection(ExtensibilityGlobals) = postSolution
		SolutionGuid = {6BFDEB3B-4BD3-41E3-BCB6-83002307769A}
	EndGlobalSection
EndGlobal
